
Microsoft Visual Studio Solution File, Format Version 12.00
# Visual Studio Version 17
VisualStudioVersion = 17.11.35327.3
MinimumVisualStudioVersion = 10.0.40219.1
Project("{FAE04EC0-301F-11D3-BF4B-00C04F79EFBC}") = "DemoWebAPI", "DemoWebAPI\DemoWebAPI.csproj", "{0655A481-FC3D-41BF-9041-FC14BD1A9C41}"
EndProject
Project("{FAE04EC0-301F-11D3-BF4B-00C04F79EFBC}") = "ClassLibrary1", "ClassLibrary1\ClassLibrary1.csproj", "{DBD6A51E-AD96-430A-8193-83A3F22EA918}"
EndProject
Global
	GlobalSection(SolutionConfigurationPlatforms) = preSolution
		Debug|Any CPU = Debug|Any CPU
		Release|Any CPU = Release|Any CPU
	EndGlobalSection
	GlobalSection(ProjectConfigurationPlatforms) = postSolution
		{0655A481-FC3D-41BF-9041-FC14BD1A9C41}.Debug|Any CPU.ActiveCfg = Debug|Any CPU
		{0655A481-FC3D-41BF-9041-FC14BD1A9C41}.Debug|Any CPU.Build.0 = Debug|Any CPU
		{0655A481-FC3D-41BF-9041-FC14BD1A9C41}.Release|Any CPU.ActiveCfg = Release|Any CPU
		{0655A481-FC3D-41BF-9041-FC14BD1A9C41}.Release|Any CPU.Build.0 = Release|Any CPU
		{DBD6A51E-AD96-430A-8193-83A3F22EA918}.Debug|Any CPU.ActiveCfg = Debug|Any CPU
		{DBD6A51E-AD96-430A-8193-83A3F22EA918}.Debug|Any CPU.Build.0 = Debug|Any CPU
		{DBD6A51E-AD96-430A-8193-83A3F22EA918}.Release|Any CPU.ActiveCfg = Release|Any CPU
		{DBD6A51E-AD96-430A-8193-83A3F22EA918}.Release|Any CPU.Build.0 = Release|Any CPU
	EndGlobalSection
	GlobalSection(SolutionProperties) = preSolution
		HideSolutionNode = FALSE
	EndGlobalSection
	GlobalSection(ExtensibilityGlobals) = postSolution
		SolutionGuid = {C522A0A0-DFED-4F8D-88D0-7CCE60D5E1A3}
	EndGlobalSection
EndGlobal
